
Microsoft Visual Studio Solution File, Format Version 12.00
# Visual Studio Version 16
VisualStudioVersion = 16.0.30907.101
MinimumVisualStudioVersion = 10.0.40219.1
Project("{FAE04EC0-301F-11D3-BF4B-00C04F79EFBC}") = "ExtractFileExcelToText", "ExtractFileExcelToText\ExtractFileExcelToText.csproj", "{44F992B6-0C30-45EC-A726-A1A976A51694}"
EndProject
Global
	GlobalSection(SolutionConfigurationPlatforms) = preSolution
		Debug|Any CPU = Debug|Any CPU
		Release|Any CPU = Release|Any CPU
	EndGlobalSection
	GlobalSection(ProjectConfigurationPlatforms) = postSolution
		{44F992B6-0C30-45EC-A726-A1A976A51694}.Debug|Any CPU.ActiveCfg = Debug|Any CPU
		{44F992B6-0C30-45EC-A726-A1A976A51694}.Debug|Any CPU.Build.0 = Debug|Any CPU
		{44F992B6-0C30-45EC-A726-A1A976A51694}.Release|Any CPU.ActiveCfg = Release|Any CPU
		{44F992B6-0C30-45EC-A726-A1A976A51694}.Release|Any CPU.Build.0 = Release|Any CPU
	EndGlobalSection
	GlobalSection(SolutionProperties) = preSolution
		HideSolutionNode = FALSE
	EndGlobalSection
	GlobalSection(ExtensibilityGlobals) = postSolution
		SolutionGuid = {2902B8D9-7FBA-4562-B8C7-54430C9F0BB6}
	EndGlobalSection
EndGlobal
